// !$*UTF8*$!
{
	archiveVersion = 1;
	classes = {
	};
	objectVersion = 50;
	objects = {

/* Begin PBXBuildFile section */
		38BCC91424C06794007DA437 /* AppDelegate.swift in Sources */ = {isa = PBXBuildFile; fileRef = 38BCC91324C06794007DA437 /* AppDelegate.swift */; };
		38BCC91624C06794007DA437 /* SceneDelegate.swift in Sources */ = {isa = PBXBuildFile; fileRef = 38BCC91524C06794007DA437 /* SceneDelegate.swift */; };
		38BCC91824C06794007DA437 /* ViewController.swift in Sources */ = {isa = PBXBuildFile; fileRef = 38BCC91724C06794007DA437 /* ViewController.swift */; };
		38BCC91B24C06794007DA437 /* Main.storyboard in Resources */ = {isa = PBXBuildFile; fileRef = 38BCC91924C06794007DA437 /* Main.storyboard */; };
		38BCC91D24C06795007DA437 /* Assets.xcassets in Resources */ = {isa = PBXBuildFile; fileRef = 38BCC91C24C06795007DA437 /* Assets.xcassets */; };
		38BCC92024C06795007DA437 /* LaunchScreen.storyboard in Resources */ = {isa = PBXBuildFile; fileRef = 38BCC91E24C06795007DA437 /* LaunchScreen.storyboard */; };
/* End PBXBuildFile section */

/* Begin PBXFileReference section */
		38BCC91024C06794007DA437 /* Bài1: Tổng quan xcode.app */ = {isa = PBXFileReference; explicitFileType = wrapper.application; includeInIndex = 0; path = "Bài1: Tổng quan xcode.app"; sourceTree = BUILT_PRODUCTS_DIR; };
		38BCC91324C06794007DA437 /* AppDelegate.swift */ = {isa = PBXFileReference; lastKnownFileType = sourcecode.swift; path = AppDelegate.swift; sourceTree = "<group>"; };
		38BCC91524C06794007DA437 /* SceneDelegate.swift */ = {isa = PBXFileReference; lastKnownFileType = sourcecode.swift; path = SceneDelegate.swift; sourceTree = "<group>"; };
		38BCC91724C06794007DA437 /* ViewController.swift */ = {isa = PBXFileReference; lastKnownFileType = sourcecode.swift; path = ViewController.swift; sourceTree = "<group>"; };
		38BCC91A24C06794007DA437 /* Base */ = {isa = PBXFileReference; lastKnownFileType = file.storyboard; name = Base; path = Base.lproj/Main.storyboard; sourceTree = "<group>"; };
		38BCC91C24C06795007DA437 /* Assets.xcassets */ = {isa = PBXFileReference; lastKnownFileType = folder.assetcatalog; path = Assets.xcassets; sourceTree = "<group>"; };
		38BCC91F24C06795007DA437 /* Base */ = {isa = PBXFileReference; lastKnownFileType = file.storyboard; name = Base; path = Base.lproj/LaunchScreen.storyboard; sourceTree = "<group>"; };
		38BCC92124C06795007DA437 /* Info.plist */ = {isa = PBXFileReference; lastKnownFileType = text.plist.xml; path = Info.plist; sourceTree = "<group>"; };
/* End PBXFileReference section */

/* Begin PBXFrameworksBuildPhase section */
		38BCC90D24C06794007DA437 /* Frameworks */ = {
			isa = PBXFrameworksBuildPhase;
			buildActionMask = 2147483647;
			files = (
			);
			runOnlyForDeploymentPostprocessing = 0;
		};
/* End PBXFrameworksBuildPhase section */

/* Begin PBXGroup section */
		38BCC90724C06794007DA437 = {
			isa = PBXGroup;
			children = (
				38BCC91224C06794007DA437 /* Bài1: Tổng quan xcode */,
				38BCC91124C06794007DA437 /* Products */,
			);
			sourceTree = "<group>";
		};
		38BCC91124C06794007DA437 /* Products */ = {
			isa = PBXGroup;
			children = (
				38BCC91024C06794007DA437 /* Bài1: Tổng quan xcode.app */,
			);
			name = Products;
			sourceTree = "<group>";
		};
		38BCC91224C06794007DA437 /* Bài1: Tổng quan xcode */ = {
			isa = PBXGroup;
			children = (
				38BCC91324C06794007DA437 /* AppDelegate.swift */,
				38BCC91524C06794007DA437 /* SceneDelegate.swift */,
				38BCC91724C06794007DA437 /* ViewController.swift */,
				38BCC91924C06794007DA437 /* Main.storyboard */,
				38BCC91C24C06795007DA437 /* Assets.xcassets */,
				38BCC91E24C06795007DA437 /* LaunchScreen.storyboard */,
				38BCC92124C06795007DA437 /* Info.plist */,
			);
			path = "Bài1: Tổng quan xcode";
			sourceTree = "<group>";
		};
/* End PBXGroup section */

/* Begin PBXNativeTarget section */
		38BCC90F24C06794007DA437 /* Bài1: Tổng quan xcode */ = {
			isa = PBXNativeTarget;
			buildConfigurationList = 38BCC92424C06795007DA437 /* Build configuration list for PBXNativeTarget "Bài1: Tổng quan xcode" */;
			buildPhases = (
				38BCC90C24C06794007DA437 /* Sources */,
				38BCC90D24C06794007DA437 /* Frameworks */,
				38BCC90E24C06794007DA437 /* Resources */,
			);
			buildRules = (
			);
			dependencies = (
			);
			name = "Bài1: Tổng quan xcode";
			productName = "Bài1: Tổng quan xcode";
			productReference = 38BCC91024C06794007DA437 /* Bài1: Tổng quan xcode.app */;
			productType = "com.apple.product-type.application";
		};
/* End PBXNativeTarget section */

/* Begin PBXProject section */
		38BCC90824C06794007DA437 /* Project object */ = {
			isa = PBXProject;
			attributes = {
				LastSwiftUpdateCheck = 1150;
				LastUpgradeCheck = 1150;
				ORGANIZATIONNAME = "Quoc Bao";
				TargetAttributes = {
					38BCC90F24C06794007DA437 = {
						CreatedOnToolsVersion = 11.5;
					};
				};
			};
			buildConfigurationList = 38BCC90B24C06794007DA437 /* Build configuration list for PBXProject "Bài1: Tổng quan xcode" */;
			compatibilityVersion = "Xcode 9.3";
			developmentRegion = en;
			hasScannedForEncodings = 0;
			knownRegions = (
				en,
				Base,
			);
			mainGroup = 38BCC90724C06794007DA437;
			productRefGroup = 38BCC91124C06794007DA437 /* Products */;
			projectDirPath = "";
			projectRoot = "";
			targets = (
				38BCC90F24C06794007DA437 /* Bài1: Tổng quan xcode */,
			);
		};
/* End PBXProject section */

/* Begin PBXResourcesBuildPhase section */
		38BCC90E24C06794007DA437 /* Resources */ = {
			isa = PBXResourcesBuildPhase;
			buildActionMask = 2147483647;
			files = (
				38BCC92024C06795007DA437 /* LaunchScreen.storyboard in Resources */,
				38BCC91D24C06795007DA437 /* Assets.xcassets in Resources */,
				38BCC91B24C06794007DA437 /* Main.storyboard in Resources */,
			);
			runOnlyForDeploymentPostprocessing = 0;
		};
/* End PBXResourcesBuildPhase section */

/* Begin PBXSourcesBuildPhase section */
		38BCC90C24C06794007DA437 /* Sources */ = {
			isa = PBXSourcesBuildPhase;
			buildActionMask = 2147483647;
			files = (
				38BCC91824C06794007DA437 /* ViewController.swift in Sources */,
				38BCC91424C06794007DA437 /* AppDelegate.swift in Sources */,
				38BCC91624C06794007DA437 /* SceneDelegate.swift in Sources */,
			);
			runOnlyForDeploymentPostprocessing = 0;
		};
/* End PBXSourcesBuildPhase section */

/* Begin PBXVariantGroup section */
		38BCC91924C06794007DA437 /* Main.storyboard */ = {
			isa = PBXVariantGroup;
			children = (
				38BCC91A24C06794007DA437 /* Base */,
			);
			name = Main.storyboard;
			sourceTree = "<group>";
		};
		38BCC91E24C06795007DA437 /* LaunchScreen.storyboard */ = {
			isa = PBXVariantGroup;
			children = (
				38BCC91F24C06795007DA437 /* Base */,
			);
			name = LaunchScreen.storyboard;
			sourceTree = "<group>";
		};
/* End PBXVariantGroup section */

/* Begin XCBuildConfiguration section */
		38BCC92224C06795007DA437 /* Debug */ = {
			isa = XCBuildConfiguration;
			buildSettings = {
				ALWAYS_SEARCH_USER_PATHS = NO;
				CLANG_ANALYZER_NONNULL = YES;
				CLANG_ANALYZER_NUMBER_OBJECT_CONVERSION = YES_AGGRESSIVE;
				CLANG_CXX_LANGUAGE_STANDARD = "gnu++14";
				CLANG_CXX_LIBRARY = "libc++";
				CLANG_ENABLE_MODULES = YES;
				CLANG_ENABLE_OBJC_ARC = YES;
				CLANG_ENABLE_OBJC_WEAK = YES;
				CLANG_WARN_BLOCK_CAPTURE_AUTORELEASING = YES;
				CLANG_WARN_BOOL_CONVERSION = YES;
				CLANG_WARN_COMMA = YES;
				CLANG_WARN_CONSTANT_CONVERSION = YES;
				CLANG_WARN_DEPRECATED_OBJC_IMPLEMENTATIONS = YES;
				CLANG_WARN_DIRECT_OBJC_ISA_USAGE = YES_ERROR;
				CLANG_WARN_DOCUMENTATION_COMMENTS = YES;
				CLANG_WARN_EMPTY_BODY = YES;
				CLANG_WARN_ENUM_CONVERSION = YES;
				CLANG_WARN_INFINITE_RECURSION = YES;
				CLANG_WARN_INT_CONVERSION = YES;
				CLANG_WARN_NON_LITERAL_NULL_CONVERSION = YES;
				CLANG_WARN_OBJC_IMPLICIT_RETAIN_SELF = YES;
				CLANG_WARN_OBJC_LITERAL_CONVERSION = YES;
				CLANG_WARN_OBJC_ROOT_CLASS = YES_ERROR;
				CLANG_WARN_RANGE_LOOP_ANALYSIS = YES;
				CLANG_WARN_STRICT_PROTOTYPES = YES;
				CLANG_WARN_SUSPICIOUS_MOVE = YES;
				CLANG_WARN_UNGUARDED_AVAILABILITY = YES_AGGRESSIVE;
				CLANG_WARN_UNREACHABLE_CODE = YES;
				CLANG_WARN__DUPLICATE_METHOD_MATCH = YES;
				COPY_PHASE_STRIP = NO;
				DEBUG_INFORMATION_FORMAT = dwarf;
				ENABLE_STRICT_OBJC_MSGSEND = YES;
				ENABLE_TESTABILITY = YES;
				GCC_C_LANGUAGE_STANDARD = gnu11;
				GCC_DYNAMIC_NO_PIC = NO;
				GCC_NO_COMMON_BLOCKS = YES;
				GCC_OPTIMIZATION_LEVEL = 0;
				GCC_PREPROCESSOR_DEFINITIONS = (
					"DEBUG=1",
					"$(inherited)",
				);
				GCC_WARN_64_TO_32_BIT_CONVERSION = YES;
				GCC_WARN_ABOUT_RETURN_TYPE = YES_ERROR;
				GCC_WARN_UNDECLARED_SELECTOR = YES;
				GCC_WARN_UNINITIALIZED_AUTOS = YES_AGGRESSIVE;
				GCC_WARN_UNUSED_FUNCTION = YES;
				GCC_WARN_UNUSED_VARIABLE = YES;
				IPHONEOS_DEPLOYMENT_TARGET = 13.4;
				MTL_ENABLE_DEBUG_INFO = INCLUDE_SOURCE;
				MTL_FAST_MATH = YES;
				ONLY_ACTIVE_ARCH = YES;
				SDKROOT = iphoneos;
				SWIFT_ACTIVE_COMPILATION_CONDITIONS = DEBUG;
				SWIFT_OPTIMIZATION_LEVEL = "-Onone";
			};
			name = Debug;
		};
		38BCC92324C06795007DA437 /* Release */ = {
			isa = XCBuildConfiguration;
			buildSettings = {
				ALWAYS_SEARCH_USER_PATHS = NO;
				CLANG_ANALYZER_NONNULL = YES;
				CLANG_ANALYZER_NUMBER_OBJECT_CONVERSION = YES_AGGRESSIVE;
				CLANG_CXX_LANGUAGE_STANDARD = "gnu++14";
				CLANG_CXX_LIBRARY = "libc++";
				CLANG_ENABLE_MODULES = YES;
				CLANG_ENABLE_OBJC_ARC = YES;
				CLANG_ENABLE_OBJC_WEAK = YES;
				CLANG_WARN_BLOCK_CAPTURE_AUTORELEASING = YES;
				CLANG_WARN_BOOL_CONVERSION = YES;
				CLANG_WARN_COMMA = YES;
				CLANG_WARN_CONSTANT_CONVERSION = YES;
				CLANG_WARN_DEPRECATED_OBJC_IMPLEMENTATIONS = YES;
				CLANG_WARN_DIRECT_OBJC_ISA_USAGE = YES_ERROR;
				CLANG_WARN_DOCUMENTATION_COMMENTS = YES;
				CLANG_WARN_EMPTY_BODY = YES;
				CLANG_WARN_ENUM_CONVERSION = YES;
				CLANG_WARN_INFINITE_RECURSION = YES;
				CLANG_WARN_INT_CONVERSION = YES;
				CLANG_WARN_NON_LITERAL_NULL_CONVERSION = YES;
				CLANG_WARN_OBJC_IMPLICIT_RETAIN_SELF = YES;
				CLANG_WARN_OBJC_LITERAL_CONVERSION = YES;
				CLANG_WARN_OBJC_ROOT_CLASS = YES_ERROR;
				CLANG_WARN_RANGE_LOOP_ANALYSIS = YES;
				CLANG_WARN_STRICT_PROTOTYPES = YES;
				CLANG_WARN_SUSPICIOUS_MOVE = YES;
				CLANG_WARN_UNGUARDED_AVAILABILITY = YES_AGGRESSIVE;
				CLANG_WARN_UNREACHABLE_CODE = YES;
				CLANG_WARN__DUPLICATE_METHOD_MATCH = YES;
				COPY_PHASE_STRIP = NO;
				DEBUG_INFORMATION_FORMAT = "dwarf-with-dsym";
				ENABLE_NS_ASSERTIONS = NO;
				ENABLE_STRICT_OBJC_MSGSEND = YES;
				GCC_C_LANGUAGE_STANDARD = gnu11;
				GCC_NO_COMMON_BLOCKS = YES;
				GCC_WARN_64_TO_32_BIT_CONVERSION = YES;
				GCC_WARN_ABOUT_RETURN_TYPE = YES_ERROR;
				GCC_WARN_UNDECLARED_SELECTOR = YES;
				GCC_WARN_UNINITIALIZED_AUTOS = YES_AGGRESSIVE;
				GCC_WARN_UNUSED_FUNCTION = YES;
				GCC_WARN_UNUSED_VARIABLE = YES;
				IPHONEOS_DEPLOYMENT_TARGET = 13.4;
				MTL_ENABLE_DEBUG_INFO = NO;
				MTL_FAST_MATH = YES;
				SDKROOT = iphoneos;
				SWIFT_COMPILATION_MODE = wholemodule;
				SWIFT_OPTIMIZATION_LEVEL = "-O";
				VALIDATE_PRODUCT = YES;
			};
			name = Release;
		};
		38BCC92524C06795007DA437 /* Debug */ = {
			isa = XCBuildConfiguration;
			buildSettings = {
				ASSETCATALOG_COMPILER_APPICON_NAME = AppIcon;
				CODE_SIGN_STYLE = Automatic;
				DEVELOPMENT_TEAM = T56QS887GY;
				INFOPLIST_FILE = "Bài1: Tổng quan xcode/Info.plist";
				LD_RUNPATH_SEARCH_PATHS = (
					"$(inherited)",
					"@executable_path/Frameworks",
				);
				PRODUCT_BUNDLE_IDENTIFIER = "test.Ba-i1--To--ng-quan-xcode";
				PRODUCT_NAME = "$(TARGET_NAME)";
				SWIFT_VERSION = 5.0;
				TARGETED_DEVICE_FAMILY = "1,2";
			};
			name = Debug;
		};
		38BCC92624C06795007DA437 /* Release */ = {
			isa = XCBuildConfiguration;
			buildSettings = {
				ASSETCATALOG_COMPILER_APPICON_NAME = AppIcon;
				CODE_SIGN_STYLE = Automatic;
				DEVELOPMENT_TEAM = T56QS887GY;
				INFOPLIST_FILE = "Bài1: Tổng quan xcode/Info.plist";
				LD_RUNPATH_SEARCH_PATHS = (
					"$(inherited)",
					"@executable_path/Frameworks",
				);
				PRODUCT_BUNDLE_IDENTIFIER = "test.Ba-i1--To--ng-quan-xcode";
				PRODUCT_NAME = "$(TARGET_NAME)";
				SWIFT_VERSION = 5.0;
				TARGETED_DEVICE_FAMILY = "1,2";
			};
			name = Release;
		};
/* End XCBuildConfiguration section */

/* Begin XCConfigurationList section */
		38BCC90B24C06794007DA437 /* Build configuration list for PBXProject "Bài1: Tổng quan xcode" */ = {
			isa = XCConfigurationList;
			buildConfigurations = (
				38BCC92224C06795007DA437 /* Debug */,
				38BCC92324C06795007DA437 /* Release */,
			);
			defaultConfigurationIsVisible = 0;
			defaultConfigurationName = Release;
		};
		38BCC92424C06795007DA437 /* Build configuration list for PBXNativeTarget "Bài1: Tổng quan xcode" */ = {
			isa = XCConfigurationList;
			buildConfigurations = (
				38BCC92524C06795007DA437 /* Debug */,
				38BCC92624C06795007DA437 /* Release */,
			);
			defaultConfigurationIsVisible = 0;
			defaultConfigurationName = Release;
		};
/* End XCConfigurationList section */
	};
	rootObject = 38BCC90824C06794007DA437 /* Project object */;
}
